// !$*UTF8*$!
{
	archiveVersion = 1;
	classes = {
	};
	objectVersion = 50;
	objects = {

/* Begin PBXBuildFile section */
		218AD3DE219979530022ACBA /* AppDelegate.m in Sources */ = {isa = PBXBuildFile; fileRef = 218AD3DD219979530022ACBA /* AppDelegate.m */; };
		218AD3E1219979530022ACBA /* ViewController.m in Sources */ = {isa = PBXBuildFile; fileRef = 218AD3E0219979530022ACBA /* ViewController.m */; };
		218AD3E4219979530022ACBA /* Main.storyboard in Resources */ = {isa = PBXBuildFile; fileRef = 218AD3E2219979530022ACBA /* Main.storyboard */; };
		218AD3E6219979550022ACBA /* Assets.xcassets in Resources */ = {isa = PBXBuildFile; fileRef = 218AD3E5219979550022ACBA /* Assets.xcassets */; };
		218AD3E9219979550022ACBA /* LaunchScreen.storyboard in Resources */ = {isa = PBXBuildFile; fileRef = 218AD3E7219979550022ACBA /* LaunchScreen.storyboard */; };
		218AD3EC219979550022ACBA /* main.m in Sources */ = {isa = PBXBuildFile; fileRef = 218AD3EB219979550022ACBA /* main.m */; };
		218AD3F521997A2B0022ACBA /* HWActionSheet.m in Sources */ = {isa = PBXBuildFile; fileRef = 218AD3F421997A2B0022ACBA /* HWActionSheet.m */; };
/* End PBXBuildFile section */

/* Begin PBXFileReference section */
		218AD3D9219979530022ACBA /* HWActionSheetDemo.app */ = {isa = PBXFileReference; explicitFileType = wrapper.application; includeInIndex = 0; path = HWActionSheetDemo.app; sourceTree = BUILT_PRODUCTS_DIR; };
		218AD3DC219979530022ACBA /* AppDelegate.h */ = {isa = PBXFileReference; lastKnownFileType = sourcecode.c.h; path = AppDelegate.h; sourceTree = "<group>"; };
		218AD3DD219979530022ACBA /* AppDelegate.m */ = {isa = PBXFileReference; lastKnownFileType = sourcecode.c.objc; path = AppDelegate.m; sourceTree = "<group>"; };
		218AD3DF219979530022ACBA /* ViewController.h */ = {isa = PBXFileReference; lastKnownFileType = sourcecode.c.h; path = ViewController.h; sourceTree = "<group>"; };
		218AD3E0219979530022ACBA /* ViewController.m */ = {isa = PBXFileReference; lastKnownFileType = sourcecode.c.objc; path = ViewController.m; sourceTree = "<group>"; };
		218AD3E3219979530022ACBA /* Base */ = {isa = PBXFileReference; lastKnownFileType = file.storyboard; name = Base; path = Base.lproj/Main.storyboard; sourceTree = "<group>"; };
		218AD3E5219979550022ACBA /* Assets.xcassets */ = {isa = PBXFileReference; lastKnownFileType = folder.assetcatalog; path = Assets.xcassets; sourceTree = "<group>"; };
		218AD3E8219979550022ACBA /* Base */ = {isa = PBXFileReference; lastKnownFileType = file.storyboard; name = Base; path = Base.lproj/LaunchScreen.storyboard; sourceTree = "<group>"; };
		218AD3EA219979550022ACBA /* Info.plist */ = {isa = PBXFileReference; lastKnownFileType = text.plist.xml; path = Info.plist; sourceTree = "<group>"; };
		218AD3EB219979550022ACBA /* main.m */ = {isa = PBXFileReference; lastKnownFileType = sourcecode.c.objc; path = main.m; sourceTree = "<group>"; };
		218AD3F321997A2B0022ACBA /* HWActionSheet.h */ = {isa = PBXFileReference; fileEncoding = 4; lastKnownFileType = sourcecode.c.h; path = HWActionSheet.h; sourceTree = "<group>"; };
		218AD3F421997A2B0022ACBA /* HWActionSheet.m */ = {isa = PBXFileReference; fileEncoding = 4; lastKnownFileType = sourcecode.c.objc; path = HWActionSheet.m; sourceTree = "<group>"; };
/* End PBXFileReference section */

/* Begin PBXFrameworksBuildPhase section */
		218AD3D6219979530022ACBA /* Frameworks */ = {
			isa = PBXFrameworksBuildPhase;
			buildActionMask = 2147483647;
			files = (
			);
			runOnlyForDeploymentPostprocessing = 0;
		};
/* End PBXFrameworksBuildPhase section */

/* Begin PBXGroup section */
		218AD3D0219979530022ACBA = {
			isa = PBXGroup;
			children = (
				218AD3F221997A2B0022ACBA /* HWActionSheet */,
				218AD3DB219979530022ACBA /* HWActionSheetDemo */,
				218AD3DA219979530022ACBA /* Products */,
			);
			sourceTree = "<group>";
		};
		218AD3DA219979530022ACBA /* Products */ = {
			isa = PBXGroup;
			children = (
				218AD3D9219979530022ACBA /* HWActionSheetDemo.app */,
			);
			name = Products;
			sourceTree = "<group>";
		};
		218AD3DB219979530022ACBA /* HWActionSheetDemo */ = {
			isa = PBXGroup;
			children = (
				218AD3DC219979530022ACBA /* AppDelegate.h */,
				218AD3DD219979530022ACBA /* AppDelegate.m */,
				218AD3DF219979530022ACBA /* ViewController.h */,
				218AD3E0219979530022ACBA /* ViewController.m */,
				218AD3E2219979530022ACBA /* Main.storyboard */,
				218AD3E5219979550022ACBA /* Assets.xcassets */,
				218AD3E7219979550022ACBA /* LaunchScreen.storyboard */,
				218AD3EA219979550022ACBA /* Info.plist */,
				218AD3EB219979550022ACBA /* main.m */,
			);
			path = HWActionSheetDemo;
			sourceTree = "<group>";
		};
		218AD3F221997A2B0022ACBA /* HWActionSheet */ = {
			isa = PBXGroup;
			children = (
				218AD3F321997A2B0022ACBA /* HWActionSheet.h */,
				218AD3F421997A2B0022ACBA /* HWActionSheet.m */,
			);
			name = HWActionSheet;
			path = ../HWActionSheet;
			sourceTree = "<group>";
		};
/* End PBXGroup section */

/* Begin PBXNativeTarget section */
		218AD3D8219979530022ACBA /* HWActionSheetDemo */ = {
			isa = PBXNativeTarget;
			buildConfigurationList = 218AD3EF219979550022ACBA /* Build configuration list for PBXNativeTarget "HWActionSheetDemo" */;
			buildPhases = (
				218AD3D5219979530022ACBA /* Sources */,
				218AD3D6219979530022ACBA /* Frameworks */,
				218AD3D7219979530022ACBA /* Resources */,
			);
			buildRules = (
			);
			dependencies = (
			);
			name = HWActionSheetDemo;
			productName = HWActionSheetDemo;
			productReference = 218AD3D9219979530022ACBA /* HWActionSheetDemo.app */;
			productType = "com.apple.product-type.application";
		};
/* End PBXNativeTarget section */

/* Begin PBXProject section */
		218AD3D1219979530022ACBA /* Project object */ = {
			isa = PBXProject;
			attributes = {
				LastUpgradeCheck = 1010;
				ORGANIZATIONNAME = HenryCheng;
				TargetAttributes = {
					218AD3D8219979530022ACBA = {
						CreatedOnToolsVersion = 10.1;
					};
				};
			};
			buildConfigurationList = 218AD3D4219979530022ACBA /* Build configuration list for PBXProject "HWActionSheetDemo" */;
			compatibilityVersion = "Xcode 9.3";
			developmentRegion = en;
			hasScannedForEncodings = 0;
			knownRegions = (
				en,
				Base,
			);
			mainGroup = 218AD3D0219979530022ACBA;
			productRefGroup = 218AD3DA219979530022ACBA /* Products */;
			projectDirPath = "";
			projectRoot = "";
			targets = (
				218AD3D8219979530022ACBA /* HWActionSheetDemo */,
			);
		};
/* End PBXProject section */

/* Begin PBXResourcesBuildPhase section */
		218AD3D7219979530022ACBA /* Resources */ = {
			isa = PBXResourcesBuildPhase;
			buildActionMask = 2147483647;
			files = (
				218AD3E9219979550022ACBA /* LaunchScreen.storyboard in Resources */,
				218AD3E6219979550022ACBA /* Assets.xcassets in Resources */,
				218AD3E4219979530022ACBA /* Main.storyboard in Resources */,
			);
			runOnlyForDeploymentPostprocessing = 0;
		};
/* End PBXResourcesBuildPhase section */

/* Begin PBXSourcesBuildPhase section */
		218AD3D5219979530022ACBA /* Sources */ = {
			isa = PBXSourcesBuildPhase;
			buildActionMask = 2147483647;
			files = (
				218AD3F521997A2B0022ACBA /* HWActionSheet.m in Sources */,
				218AD3E1219979530022ACBA /* ViewController.m in Sources */,
				218AD3EC219979550022ACBA /* main.m in Sources */,
				218AD3DE219979530022ACBA /* AppDelegate.m in Sources */,
			);
			runOnlyForDeploymentPostprocessing = 0;
		};
/* End PBXSourcesBuildPhase section */

/* Begin PBXVariantGroup section */
		218AD3E2219979530022ACBA /* Main.storyboard */ = {
			isa = PBXVariantGroup;
			children = (
				218AD3E3219979530022ACBA /* Base */,
			);
			name = Main.storyboard;
			sourceTree = "<group>";
		};
		218AD3E7219979550022ACBA /* LaunchScreen.storyboard */ = {
			isa = PBXVariantGroup;
			children = (
				218AD3E8219979550022ACBA /* Base */,
			);
			name = LaunchScreen.storyboard;
			sourceTree = "<group>";
		};
/* End PBXVariantGroup section */

/* Begin XCBuildConfiguration section */
		218AD3ED219979550022ACBA /* Debug */ = {
			isa = XCBuildConfiguration;
			buildSettings = {
				ALWAYS_SEARCH_USER_PATHS = NO;
				CLANG_ANALYZER_NONNULL = YES;
				CLANG_ANALYZER_NUMBER_OBJECT_CONVERSION = YES_AGGRESSIVE;
				CLANG_CXX_LANGUAGE_STANDARD = "gnu++14";
				CLANG_CXX_LIBRARY = "libc++";
				CLANG_ENABLE_MODULES = YES;
				CLANG_ENABLE_OBJC_ARC = YES;
				CLANG_ENABLE_OBJC_WEAK = YES;
				CLANG_WARN_BLOCK_CAPTURE_AUTORELEASING = YES;
				CLANG_WARN_BOOL_CONVERSION = YES;
				CLANG_WARN_COMMA = YES;
				CLANG_WARN_CONSTANT_CONVERSION = YES;
				CLANG_WARN_DEPRECATED_OBJC_IMPLEMENTATIONS = YES;
				CLANG_WARN_DIRECT_OBJC_ISA_USAGE = YES_ERROR;
				CLANG_WARN_DOCUMENTATION_COMMENTS = YES;
				CLANG_WARN_EMPTY_BODY = YES;
				CLANG_WARN_ENUM_CONVERSION = YES;
				CLANG_WARN_INFINITE_RECURSION = YES;
				CLANG_WARN_INT_CONVERSION = YES;
				CLANG_WARN_NON_LITERAL_NULL_CONVERSION = YES;
				CLANG_WARN_OBJC_IMPLICIT_RETAIN_SELF = YES;
				CLANG_WARN_OBJC_LITERAL_CONVERSION = YES;
				CLANG_WARN_OBJC_ROOT_CLASS = YES_ERROR;
				CLANG_WARN_RANGE_LOOP_ANALYSIS = YES;
				CLANG_WARN_STRICT_PROTOTYPES = YES;
				CLANG_WARN_SUSPICIOUS_MOVE = YES;
				CLANG_WARN_UNGUARDED_AVAILABILITY = YES_AGGRESSIVE;
				CLANG_WARN_UNREACHABLE_CODE = YES;
				CLANG_WARN__DUPLICATE_METHOD_MATCH = YES;
				CODE_SIGN_IDENTITY = "iPhone Developer";
				COPY_PHASE_STRIP = NO;
				DEBUG_INFORMATION_FORMAT = dwarf;
				ENABLE_STRICT_OBJC_MSGSEND = YES;
				ENABLE_TESTABILITY = YES;
				GCC_C_LANGUAGE_STANDARD = gnu11;
				GCC_DYNAMIC_NO_PIC = NO;
				GCC_NO_COMMON_BLOCKS = YES;
				GCC_OPTIMIZATION_LEVEL = 0;
				GCC_PREPROCESSOR_DEFINITIONS = (
					"DEBUG=1",
					"$(inherited)",
				);
				GCC_WARN_64_TO_32_BIT_CONVERSION = YES;
				GCC_WARN_ABOUT_RETURN_TYPE = YES_ERROR;
				GCC_WARN_UNDECLARED_SELECTOR = YES;
				GCC_WARN_UNINITIALIZED_AUTOS = YES_AGGRESSIVE;
				GCC_WARN_UNUSED_FUNCTION = YES;
				GCC_WARN_UNUSED_VARIABLE = YES;
				IPHONEOS_DEPLOYMENT_TARGET = 12.1;
				MTL_ENABLE_DEBUG_INFO = INCLUDE_SOURCE;
				MTL_FAST_MATH = YES;
				ONLY_ACTIVE_ARCH = YES;
				SDKROOT = iphoneos;
			};
			name = Debug;
		};
		218AD3EE219979550022ACBA /* Release */ = {
			isa = XCBuildConfiguration;
			buildSettings = {
				ALWAYS_SEARCH_USER_PATHS = NO;
				CLANG_ANALYZER_NONNULL = YES;
				CLANG_ANALYZER_NUMBER_OBJECT_CONVERSION = YES_AGGRESSIVE;
				CLANG_CXX_LANGUAGE_STANDARD = "gnu++14";
				CLANG_CXX_LIBRARY = "libc++";
				CLANG_ENABLE_MODULES = YES;
				CLANG_ENABLE_OBJC_ARC = YES;
				CLANG_ENABLE_OBJC_WEAK = YES;
				CLANG_WARN_BLOCK_CAPTURE_AUTORELEASING = YES;
				CLANG_WARN_BOOL_CONVERSION = YES;
				CLANG_WARN_COMMA = YES;
				CLANG_WARN_CONSTANT_CONVERSION = YES;
				CLANG_WARN_DEPRECATED_OBJC_IMPLEMENTATIONS = YES;
				CLANG_WARN_DIRECT_OBJC_ISA_USAGE = YES_ERROR;
				CLANG_WARN_DOCUMENTATION_COMMENTS = YES;
				CLANG_WARN_EMPTY_BODY = YES;
				CLANG_WARN_ENUM_CONVERSION = YES;
				CLANG_WARN_INFINITE_RECURSION = YES;
				CLANG_WARN_INT_CONVERSION = YES;
				CLANG_WARN_NON_LITERAL_NULL_CONVERSION = YES;
				CLANG_WARN_OBJC_IMPLICIT_RETAIN_SELF = YES;
				CLANG_WARN_OBJC_LITERAL_CONVERSION = YES;
				CLANG_WARN_OBJC_ROOT_CLASS = YES_ERROR;
				CLANG_WARN_RANGE_LOOP_ANALYSIS = YES;
				CLANG_WARN_STRICT_PROTOTYPES = YES;
				CLANG_WARN_SUSPICIOUS_MOVE = YES;
				CLANG_WARN_UNGUARDED_AVAILABILITY = YES_AGGRESSIVE;
				CLANG_WARN_UNREACHABLE_CODE = YES;
				CLANG_WARN__DUPLICATE_METHOD_MATCH = YES;
				CODE_SIGN_IDENTITY = "iPhone Developer";
				COPY_PHASE_STRIP = NO;
				DEBUG_INFORMATION_FORMAT = "dwarf-with-dsym";
				ENABLE_NS_ASSERTIONS = NO;
				ENABLE_STRICT_OBJC_MSGSEND = YES;
				GCC_C_LANGUAGE_STANDARD = gnu11;
				GCC_NO_COMMON_BLOCKS = YES;
				GCC_WARN_64_TO_32_BIT_CONVERSION = YES;
				GCC_WARN_ABOUT_RETURN_TYPE = YES_ERROR;
				GCC_WARN_UNDECLARED_SELECTOR = YES;
				GCC_WARN_UNINITIALIZED_AUTOS = YES_AGGRESSIVE;
				GCC_WARN_UNUSED_FUNCTION = YES;
				GCC_WARN_UNUSED_VARIABLE = YES;
				IPHONEOS_DEPLOYMENT_TARGET = 12.1;
				MTL_ENABLE_DEBUG_INFO = NO;
				MTL_FAST_MATH = YES;
				SDKROOT = iphoneos;
				VALIDATE_PRODUCT = YES;
			};
			name = Release;
		};
		218AD3F0219979550022ACBA /* Debug */ = {
			isa = XCBuildConfiguration;
			buildSettings = {
				ASSETCATALOG_COMPILER_APPICON_NAME = AppIcon;
				CODE_SIGN_STYLE = Automatic;
				DEVELOPMENT_TEAM = 5B83538JM2;
				INFOPLIST_FILE = HWActionSheetDemo/Info.plist;
				IPHONEOS_DEPLOYMENT_TARGET = 8.0;
				LD_RUNPATH_SEARCH_PATHS = (
					"$(inherited)",
					"@executable_path/Frameworks",
				);
				PRODUCT_BUNDLE_IDENTIFIER = Loveway.HWActionSheetDemo;
				PRODUCT_NAME = "$(TARGET_NAME)";
				TARGETED_DEVICE_FAMILY = "1,2";
			};
			name = Debug;
		};
		218AD3F1219979550022ACBA /* Release */ = {
			isa = XCBuildConfiguration;
			buildSettings = {
				ASSETCATALOG_COMPILER_APPICON_NAME = AppIcon;
				CODE_SIGN_STYLE = Automatic;
				DEVELOPMENT_TEAM = 5B83538JM2;
				INFOPLIST_FILE = HWActionSheetDemo/Info.plist;
				IPHONEOS_DEPLOYMENT_TARGET = 8.0;
				LD_RUNPATH_SEARCH_PATHS = (
					"$(inherited)",
					"@executable_path/Frameworks",
				);
				PRODUCT_BUNDLE_IDENTIFIER = Loveway.HWActionSheetDemo;
				PRODUCT_NAME = "$(TARGET_NAME)";
				TARGETED_DEVICE_FAMILY = "1,2";
			};
			name = Release;
		};
/* End XCBuildConfiguration section */

/* Begin XCConfigurationList section */
		218AD3D4219979530022ACBA /* Build configuration list for PBXProject "HWActionSheetDemo" */ = {
			isa = XCConfigurationList;
			buildConfigurations = (
				218AD3ED219979550022ACBA /* Debug */,
				218AD3EE219979550022ACBA /* Release */,
			);
			defaultConfigurationIsVisible = 0;
			defaultConfigurationName = Release;
		};
		218AD3EF219979550022ACBA /* Build configuration list for PBXNativeTarget "HWActionSheetDemo" */ = {
			isa = XCConfigurationList;
			buildConfigurations = (
				218AD3F0219979550022ACBA /* Debug */,
				218AD3F1219979550022ACBA /* Release */,
			);
			defaultConfigurationIsVisible = 0;
			defaultConfigurationName = Release;
		};
/* End XCConfigurationList section */
	};
	rootObject = 218AD3D1219979530022ACBA /* Project object */;
}
